
Microsoft Visual Studio Solution File, Format Version 12.00
# Visual Studio Version 16
VisualStudioVersion = 16.0.31702.278
MinimumVisualStudioVersion = 10.0.40219.1
Project("{FAE04EC0-301F-11D3-BF4B-00C04F79EFBC}") = "Task5", "Task5\Task5.csproj", "{1A78EB3E-D783-4CF4-A21E-6497732C085E}"
EndProject
Project("{FAE04EC0-301F-11D3-BF4B-00C04F79EFBC}") = "U26", "U26\U26.csproj", "{AFAF507B-DF17-4196-BA87-142962FBB5FF}"
EndProject
Project("{FAE04EC0-301F-11D3-BF4B-00C04F79EFBC}") = "U27", "U27\U27.csproj", "{97BADD5C-8E2B-4097-90BC-99A74A3AD524}"
EndProject
Project("{FAE04EC0-301F-11D3-BF4B-00C04F79EFBC}") = "U20", "U20\U20.csproj", "{CC844359-0B7E-434F-8D78-B7613216551F}"
EndProject
Project("{FAE04EC0-301F-11D3-BF4B-00C04F79EFBC}") = "U28", "U28\U28.csproj", "{45B64E28-E6C1-41C3-9277-10AEA63A0DCF}"
EndProject
Project("{FAE04EC0-301F-11D3-BF4B-00C04F79EFBC}") = "U29", "U29\U29.csproj", "{6B0EF8DC-828D-43AD-87BA-1480D6EC93E5}"
EndProject
Global
	GlobalSection(SolutionConfigurationPlatforms) = preSolution
		Debug|ARM = Debug|ARM
		Debug|ARM64 = Debug|ARM64
		Debug|x64 = Debug|x64
		Debug|x86 = Debug|x86
		Release|ARM = Release|ARM
		Release|ARM64 = Release|ARM64
		Release|x64 = Release|x64
		Release|x86 = Release|x86
	EndGlobalSection
	GlobalSection(ProjectConfigurationPlatforms) = postSolution
		{1A78EB3E-D783-4CF4-A21E-6497732C085E}.Debug|ARM.ActiveCfg = Debug|ARM
		{1A78EB3E-D783-4CF4-A21E-6497732C085E}.Debug|ARM.Build.0 = Debug|ARM
		{1A78EB3E-D783-4CF4-A21E-6497732C085E}.Debug|ARM.Deploy.0 = Debug|ARM
		{1A78EB3E-D783-4CF4-A21E-6497732C085E}.Debug|ARM64.ActiveCfg = Debug|ARM64
		{1A78EB3E-D783-4CF4-A21E-6497732C085E}.Debug|ARM64.Build.0 = Debug|ARM64
		{1A78EB3E-D783-4CF4-A21E-6497732C085E}.Debug|ARM64.Deploy.0 = Debug|ARM64
		{1A78EB3E-D783-4CF4-A21E-6497732C085E}.Debug|x64.ActiveCfg = Debug|x64
		{1A78EB3E-D783-4CF4-A21E-6497732C085E}.Debug|x64.Build.0 = Debug|x64
		{1A78EB3E-D783-4CF4-A21E-6497732C085E}.Debug|x64.Deploy.0 = Debug|x64
		{1A78EB3E-D783-4CF4-A21E-6497732C085E}.Debug|x86.ActiveCfg = Debug|x86
		{1A78EB3E-D783-4CF4-A21E-6497732C085E}.Debug|x86.Build.0 = Debug|x86
		{1A78EB3E-D783-4CF4-A21E-6497732C085E}.Debug|x86.Deploy.0 = Debug|x86
		{1A78EB3E-D783-4CF4-A21E-6497732C085E}.Release|ARM.ActiveCfg = Release|ARM
		{1A78EB3E-D783-4CF4-A21E-6497732C085E}.Release|ARM.Build.0 = Release|ARM
		{1A78EB3E-D783-4CF4-A21E-6497732C085E}.Release|ARM.Deploy.0 = Release|ARM
		{1A78EB3E-D783-4CF4-A21E-6497732C085E}.Release|ARM64.ActiveCfg = Release|ARM64
		{1A78EB3E-D783-4CF4-A21E-6497732C085E}.Release|ARM64.Build.0 = Release|ARM64
		{1A78EB3E-D783-4CF4-A21E-6497732C085E}.Release|ARM64.Deploy.0 = Release|ARM64
		{1A78EB3E-D783-4CF4-A21E-6497732C085E}.Release|x64.ActiveCfg = Release|x64
		{1A78EB3E-D783-4CF4-A21E-6497732C085E}.Release|x64.Build.0 = Release|x64
		{1A78EB3E-D783-4CF4-A21E-6497732C085E}.Release|x64.Deploy.0 = Release|x64
		{1A78EB3E-D783-4CF4-A21E-6497732C085E}.Release|x86.ActiveCfg = Release|x86
		{1A78EB3E-D783-4CF4-A21E-6497732C085E}.Release|x86.Build.0 = Release|x86
		{1A78EB3E-D783-4CF4-A21E-6497732C085E}.Release|x86.Deploy.0 = Release|x86
		{AFAF507B-DF17-4196-BA87-142962FBB5FF}.Debug|ARM.ActiveCfg = Debug|ARM
		{AFAF507B-DF17-4196-BA87-142962FBB5FF}.Debug|ARM.Build.0 = Debug|ARM
		{AFAF507B-DF17-4196-BA87-142962FBB5FF}.Debug|ARM.Deploy.0 = Debug|ARM
		{AFAF507B-DF17-4196-BA87-142962FBB5FF}.Debug|ARM64.ActiveCfg = Debug|ARM64
		{AFAF507B-DF17-4196-BA87-142962FBB5FF}.Debug|ARM64.Build.0 = Debug|ARM64
		{AFAF507B-DF17-4196-BA87-142962FBB5FF}.Debug|ARM64.Deploy.0 = Debug|ARM64
		{AFAF507B-DF17-4196-BA87-142962FBB5FF}.Debug|x64.ActiveCfg = Debug|x64
		{AFAF507B-DF17-4196-BA87-142962FBB5FF}.Debug|x64.Build.0 = Debug|x64
		{AFAF507B-DF17-4196-BA87-142962FBB5FF}.Debug|x64.Deploy.0 = Debug|x64
		{AFAF507B-DF17-4196-BA87-142962FBB5FF}.Debug|x86.ActiveCfg = Debug|x86
		{AFAF507B-DF17-4196-BA87-142962FBB5FF}.Debug|x86.Build.0 = Debug|x86
		{AFAF507B-DF17-4196-BA87-142962FBB5FF}.Debug|x86.Deploy.0 = Debug|x86
		{AFAF507B-DF17-4196-BA87-142962FBB5FF}.Release|ARM.ActiveCfg = Release|ARM
		{AFAF507B-DF17-4196-BA87-142962FBB5FF}.Release|ARM.Build.0 = Release|ARM
		{AFAF507B-DF17-4196-BA87-142962FBB5FF}.Release|ARM.Deploy.0 = Release|ARM
		{AFAF507B-DF17-4196-BA87-142962FBB5FF}.Release|ARM64.ActiveCfg = Release|ARM64
		{AFAF507B-DF17-4196-BA87-142962FBB5FF}.Release|ARM64.Build.0 = Release|ARM64
		{AFAF507B-DF17-4196-BA87-142962FBB5FF}.Release|ARM64.Deploy.0 = Release|ARM64
		{AFAF507B-DF17-4196-BA87-142962FBB5FF}.Release|x64.ActiveCfg = Release|x64
		{AFAF507B-DF17-4196-BA87-142962FBB5FF}.Release|x64.Build.0 = Release|x64
		{AFAF507B-DF17-4196-BA87-142962FBB5FF}.Release|x64.Deploy.0 = Release|x64
		{AFAF507B-DF17-4196-BA87-142962FBB5FF}.Release|x86.ActiveCfg = Release|x86
		{AFAF507B-DF17-4196-BA87-142962FBB5FF}.Release|x86.Build.0 = Release|x86
		{AFAF507B-DF17-4196-BA87-142962FBB5FF}.Release|x86.Deploy.0 = Release|x86
		{97BADD5C-8E2B-4097-90BC-99A74A3AD524}.Debug|ARM.ActiveCfg = Debug|ARM
		{97BADD5C-8E2B-4097-90BC-99A74A3AD524}.Debug|ARM.Build.0 = Debug|ARM
		{97BADD5C-8E2B-4097-90BC-99A74A3AD524}.Debug|ARM.Deploy.0 = Debug|ARM
		{97BADD5C-8E2B-4097-90BC-99A74A3AD524}.Debug|ARM64.ActiveCfg = Debug|ARM64
		{97BADD5C-8E2B-4097-90BC-99A74A3AD524}.Debug|ARM64.Build.0 = Debug|ARM64
		{97BADD5C-8E2B-4097-90BC-99A74A3AD524}.Debug|ARM64.Deploy.0 = Debug|ARM64
		{97BADD5C-8E2B-4097-90BC-99A74A3AD524}.Debug|x64.ActiveCfg = Debug|x64
		{97BADD5C-8E2B-4097-90BC-99A74A3AD524}.Debug|x64.Build.0 = Debug|x64
		{97BADD5C-8E2B-4097-90BC-99A74A3AD524}.Debug|x64.Deploy.0 = Debug|x64
		{97BADD5C-8E2B-4097-90BC-99A74A3AD524}.Debug|x86.ActiveCfg = Debug|x86
		{97BADD5C-8E2B-4097-90BC-99A74A3AD524}.Debug|x86.Build.0 = Debug|x86
		{97BADD5C-8E2B-4097-90BC-99A74A3AD524}.Debug|x86.Deploy.0 = Debug|x86
		{97BADD5C-8E2B-4097-90BC-99A74A3AD524}.Release|ARM.ActiveCfg = Release|ARM
		{97BADD5C-8E2B-4097-90BC-99A74A3AD524}.Release|ARM.Build.0 = Release|ARM
		{97BADD5C-8E2B-4097-90BC-99A74A3AD524}.Release|ARM.Deploy.0 = Release|ARM
		{97BADD5C-8E2B-4097-90BC-99A74A3AD524}.Release|ARM64.ActiveCfg = Release|ARM64
		{97BADD5C-8E2B-4097-90BC-99A74A3AD524}.Release|ARM64.Build.0 = Release|ARM64
		{97BADD5C-8E2B-4097-90BC-99A74A3AD524}.Release|ARM64.Deploy.0 = Release|ARM64
		{97BADD5C-8E2B-4097-90BC-99A74A3AD524}.Release|x64.ActiveCfg = Release|x64
		{97BADD5C-8E2B-4097-90BC-99A74A3AD524}.Release|x64.Build.0 = Release|x64
		{97BADD5C-8E2B-4097-90BC-99A74A3AD524}.Release|x64.Deploy.0 = Release|x64
		{97BADD5C-8E2B-4097-90BC-99A74A3AD524}.Release|x86.ActiveCfg = Release|x86
		{97BADD5C-8E2B-4097-90BC-99A74A3AD524}.Release|x86.Build.0 = Release|x86
		{97BADD5C-8E2B-4097-90BC-99A74A3AD524}.Release|x86.Deploy.0 = Release|x86
		{CC844359-0B7E-434F-8D78-B7613216551F}.Debug|ARM.ActiveCfg = Debug|ARM
		{CC844359-0B7E-434F-8D78-B7613216551F}.Debug|ARM.Build.0 = Debug|ARM
		{CC844359-0B7E-434F-8D78-B7613216551F}.Debug|ARM.Deploy.0 = Debug|ARM
		{CC844359-0B7E-434F-8D78-B7613216551F}.Debug|ARM64.ActiveCfg = Debug|ARM64
		{CC844359-0B7E-434F-8D78-B7613216551F}.Debug|ARM64.Build.0 = Debug|ARM64
		{CC844359-0B7E-434F-8D78-B7613216551F}.Debug|ARM64.Deploy.0 = Debug|ARM64
		{CC844359-0B7E-434F-8D78-B7613216551F}.Debug|x64.ActiveCfg = Debug|x64
		{CC844359-0B7E-434F-8D78-B7613216551F}.Debug|x64.Build.0 = Debug|x64
		{CC844359-0B7E-434F-8D78-B7613216551F}.Debug|x64.Deploy.0 = Debug|x64
		{CC844359-0B7E-434F-8D78-B7613216551F}.Debug|x86.ActiveCfg = Debug|x86
		{CC844359-0B7E-434F-8D78-B7613216551F}.Debug|x86.Build.0 = Debug|x86
		{CC844359-0B7E-434F-8D78-B7613216551F}.Debug|x86.Deploy.0 = Debug|x86
		{CC844359-0B7E-434F-8D78-B7613216551F}.Release|ARM.ActiveCfg = Release|ARM
		{CC844359-0B7E-434F-8D78-B7613216551F}.Release|ARM.Build.0 = Release|ARM
		{CC844359-0B7E-434F-8D78-B7613216551F}.Release|ARM.Deploy.0 = Release|ARM
		{CC844359-0B7E-434F-8D78-B7613216551F}.Release|ARM64.ActiveCfg = Release|ARM64
		{CC844359-0B7E-434F-8D78-B7613216551F}.Release|ARM64.Build.0 = Release|ARM64
		{CC844359-0B7E-434F-8D78-B7613216551F}.Release|ARM64.Deploy.0 = Release|ARM64
		{CC844359-0B7E-434F-8D78-B7613216551F}.Release|x64.ActiveCfg = Release|x64
		{CC844359-0B7E-434F-8D78-B7613216551F}.Release|x64.Build.0 = Release|x64
		{CC844359-0B7E-434F-8D78-B7613216551F}.Release|x64.Deploy.0 = Release|x64
		{CC844359-0B7E-434F-8D78-B7613216551F}.Release|x86.ActiveCfg = Release|x86
		{CC844359-0B7E-434F-8D78-B7613216551F}.Release|x86.Build.0 = Release|x86
		{CC844359-0B7E-434F-8D78-B7613216551F}.Release|x86.Deploy.0 = Release|x86
		{45B64E28-E6C1-41C3-9277-10AEA63A0DCF}.Debug|ARM.ActiveCfg = Debug|ARM
		{45B64E28-E6C1-41C3-9277-10AEA63A0DCF}.Debug|ARM.Build.0 = Debug|ARM
		{45B64E28-E6C1-41C3-9277-10AEA63A0DCF}.Debug|ARM.Deploy.0 = Debug|ARM
		{45B64E28-E6C1-41C3-9277-10AEA63A0DCF}.Debug|ARM64.ActiveCfg = Debug|ARM64
		{45B64E28-E6C1-41C3-9277-10AEA63A0DCF}.Debug|ARM64.Build.0 = Debug|ARM64
		{45B64E28-E6C1-41C3-9277-10AEA63A0DCF}.Debug|ARM64.Deploy.0 = Debug|ARM64
		{45B64E28-E6C1-41C3-9277-10AEA63A0DCF}.Debug|x64.ActiveCfg = Debug|x64
		{45B64E28-E6C1-41C3-9277-10AEA63A0DCF}.Debug|x64.Build.0 = Debug|x64
		{45B64E28-E6C1-41C3-9277-10AEA63A0DCF}.Debug|x64.Deploy.0 = Debug|x64
		{45B64E28-E6C1-41C3-9277-10AEA63A0DCF}.Debug|x86.ActiveCfg = Debug|x86
		{45B64E28-E6C1-41C3-9277-10AEA63A0DCF}.Debug|x86.Build.0 = Debug|x86
		{45B64E28-E6C1-41C3-9277-10AEA63A0DCF}.Debug|x86.Deploy.0 = Debug|x86
		{45B64E28-E6C1-41C3-9277-10AEA63A0DCF}.Release|ARM.ActiveCfg = Release|ARM
		{45B64E28-E6C1-41C3-9277-10AEA63A0DCF}.Release|ARM.Build.0 = Release|ARM
		{45B64E28-E6C1-41C3-9277-10AEA63A0DCF}.Release|ARM.Deploy.0 = Release|ARM
		{45B64E28-E6C1-41C3-9277-10AEA63A0DCF}.Release|ARM64.ActiveCfg = Release|ARM64
		{45B64E28-E6C1-41C3-9277-10AEA63A0DCF}.Release|ARM64.Build.0 = Release|ARM64
		{45B64E28-E6C1-41C3-9277-10AEA63A0DCF}.Release|ARM64.Deploy.0 = Release|ARM64
		{45B64E28-E6C1-41C3-9277-10AEA63A0DCF}.Release|x64.ActiveCfg = Release|x64
		{45B64E28-E6C1-41C3-9277-10AEA63A0DCF}.Release|x64.Build.0 = Release|x64
		{45B64E28-E6C1-41C3-9277-10AEA63A0DCF}.Release|x64.Deploy.0 = Release|x64
		{45B64E28-E6C1-41C3-9277-10AEA63A0DCF}.Release|x86.ActiveCfg = Release|x86
		{45B64E28-E6C1-41C3-9277-10AEA63A0DCF}.Release|x86.Build.0 = Release|x86
		{45B64E28-E6C1-41C3-9277-10AEA63A0DCF}.Release|x86.Deploy.0 = Release|x86
		{6B0EF8DC-828D-43AD-87BA-1480D6EC93E5}.Debug|ARM.ActiveCfg = Debug|ARM
		{6B0EF8DC-828D-43AD-87BA-1480D6EC93E5}.Debug|ARM.Build.0 = Debug|ARM
		{6B0EF8DC-828D-43AD-87BA-1480D6EC93E5}.Debug|ARM.Deploy.0 = Debug|ARM
		{6B0EF8DC-828D-43AD-87BA-1480D6EC93E5}.Debug|ARM64.ActiveCfg = Debug|ARM64
		{6B0EF8DC-828D-43AD-87BA-1480D6EC93E5}.Debug|ARM64.Build.0 = Debug|ARM64
		{6B0EF8DC-828D-43AD-87BA-1480D6EC93E5}.Debug|ARM64.Deploy.0 = Debug|ARM64
		{6B0EF8DC-828D-43AD-87BA-1480D6EC93E5}.Debug|x64.ActiveCfg = Debug|x64
		{6B0EF8DC-828D-43AD-87BA-1480D6EC93E5}.Debug|x64.Build.0 = Debug|x64
		{6B0EF8DC-828D-43AD-87BA-1480D6EC93E5}.Debug|x64.Deploy.0 = Debug|x64
		{6B0EF8DC-828D-43AD-87BA-1480D6EC93E5}.Debug|x86.ActiveCfg = Debug|x86
		{6B0EF8DC-828D-43AD-87BA-1480D6EC93E5}.Debug|x86.Build.0 = Debug|x86
		{6B0EF8DC-828D-43AD-87BA-1480D6EC93E5}.Debug|x86.Deploy.0 = Debug|x86
		{6B0EF8DC-828D-43AD-87BA-1480D6EC93E5}.Release|ARM.ActiveCfg = Release|ARM
		{6B0EF8DC-828D-43AD-87BA-1480D6EC93E5}.Release|ARM.Build.0 = Release|ARM
		{6B0EF8DC-828D-43AD-87BA-1480D6EC93E5}.Release|ARM.Deploy.0 = Release|ARM
		{6B0EF8DC-828D-43AD-87BA-1480D6EC93E5}.Release|ARM64.ActiveCfg = Release|ARM64
		{6B0EF8DC-828D-43AD-87BA-1480D6EC93E5}.Release|ARM64.Build.0 = Release|ARM64
		{6B0EF8DC-828D-43AD-87BA-1480D6EC93E5}.Release|ARM64.Deploy.0 = Release|ARM64
		{6B0EF8DC-828D-43AD-87BA-1480D6EC93E5}.Release|x64.ActiveCfg = Release|x64
		{6B0EF8DC-828D-43AD-87BA-1480D6EC93E5}.Release|x64.Build.0 = Release|x64
		{6B0EF8DC-828D-43AD-87BA-1480D6EC93E5}.Release|x64.Deploy.0 = Release|x64
		{6B0EF8DC-828D-43AD-87BA-1480D6EC93E5}.Release|x86.ActiveCfg = Release|x86
		{6B0EF8DC-828D-43AD-87BA-1480D6EC93E5}.Release|x86.Build.0 = Release|x86
		{6B0EF8DC-828D-43AD-87BA-1480D6EC93E5}.Release|x86.Deploy.0 = Release|x86
	EndGlobalSection
	GlobalSection(SolutionProperties) = preSolution
		HideSolutionNode = FALSE
	EndGlobalSection
	GlobalSection(ExtensibilityGlobals) = postSolution
		SolutionGuid = {FA524D1F-1F22-4FBC-A17C-C69A068FD685}
	EndGlobalSection
EndGlobal
